
Microsoft Visual Studio Solution File, Format Version 12.00
# Visual Studio Version 16
VisualStudioVersion = 16.0.31702.278
MinimumVisualStudioVersion = 10.0.40219.1
Project("{FAE04EC0-301F-11D3-BF4B-00C04F79EFBC}") = "ProyectoPulperia", "ProyectoPulperia\ProyectoPulperia.csproj", "{71D0303A-182C-4753-88A6-D74BD6FC7BC1}"
EndProject
Global
	GlobalSection(SolutionConfigurationPlatforms) = preSolution
		Debug|Any CPU = Debug|Any CPU
		Release|Any CPU = Release|Any CPU
	EndGlobalSection
	GlobalSection(ProjectConfigurationPlatforms) = postSolution
		{71D0303A-182C-4753-88A6-D74BD6FC7BC1}.Debug|Any CPU.ActiveCfg = Debug|Any CPU
		{71D0303A-182C-4753-88A6-D74BD6FC7BC1}.Debug|Any CPU.Build.0 = Debug|Any CPU
		{71D0303A-182C-4753-88A6-D74BD6FC7BC1}.Release|Any CPU.ActiveCfg = Release|Any CPU
		{71D0303A-182C-4753-88A6-D74BD6FC7BC1}.Release|Any CPU.Build.0 = Release|Any CPU
	EndGlobalSection
	GlobalSection(SolutionProperties) = preSolution
		HideSolutionNode = FALSE
	EndGlobalSection
	GlobalSection(ExtensibilityGlobals) = postSolution
		SolutionGuid = {556C0493-3D55-4850-BB98-26EA3A59D216}
	EndGlobalSection
EndGlobal
